
Microsoft Visual Studio Solution File, Format Version 12.00
# Visual Studio Version 16
VisualStudioVersion = 16.0.31005.135
MinimumVisualStudioVersion = 10.0.40219.1
Project("{FAE04EC0-301F-11D3-BF4B-00C04F79EFBC}") = "EmployeeAPI", "EmployeeAPI\EmployeeAPI.csproj", "{B13D0935-C7E5-49CC-8EC8-23CFC06DD8CE}"
EndProject
Global
	GlobalSection(SolutionConfigurationPlatforms) = preSolution
		Debug|Any CPU = Debug|Any CPU
		Release|Any CPU = Release|Any CPU
	EndGlobalSection
	GlobalSection(ProjectConfigurationPlatforms) = postSolution
		{B13D0935-C7E5-49CC-8EC8-23CFC06DD8CE}.Debug|Any CPU.ActiveCfg = Debug|Any CPU
		{B13D0935-C7E5-49CC-8EC8-23CFC06DD8CE}.Debug|Any CPU.Build.0 = Debug|Any CPU
		{B13D0935-C7E5-49CC-8EC8-23CFC06DD8CE}.Release|Any CPU.ActiveCfg = Release|Any CPU
		{B13D0935-C7E5-49CC-8EC8-23CFC06DD8CE}.Release|Any CPU.Build.0 = Release|Any CPU
	EndGlobalSection
	GlobalSection(SolutionProperties) = preSolution
		HideSolutionNode = FALSE
	EndGlobalSection
	GlobalSection(ExtensibilityGlobals) = postSolution
		SolutionGuid = {636C9713-7251-4E94-AC4B-0F72DB5E9C39}
	EndGlobalSection
EndGlobal
